
Microsoft Visual Studio Solution File, Format Version 12.00
# Visual Studio 2013
VisualStudioVersion = 12.0.30723.0
MinimumVisualStudioVersion = 10.0.40219.1
Project("{FAE04EC0-301F-11D3-BF4B-00C04F79EFBC}") = "Compiler", "Compiler\Compiler.csproj", "{EC89B2BA-F693-4BDE-A807-09CB44BD5594}"
EndProject
Project("{2150E333-8FDC-42A3-9474-1A3956D46DE8}") = "Compiler.Scanner", "Compiler.Scanner", "{5AA0469D-AC7C-4CFD-8B34-E1DB9356E620}"
EndProject
Project("{FAE04EC0-301F-11D3-BF4B-00C04F79EFBC}") = "Compiler.Scanner", "Compiler.Scanner\Compiler.Scanner\Compiler.Scanner.csproj", "{F00B4D62-CBFC-4D8B-A09A-8AF2BE205256}"
EndProject
Project("{FAE04EC0-301F-11D3-BF4B-00C04F79EFBC}") = "Compiler.Scanner.Tests", "Compiler.Scanner\Compiler.Scanner.Tests\Compiler.Scanner.Tests.csproj", "{99F89CDF-9150-4EE7-A0DA-E1AB2D6D4894}"
EndProject
Project("{2150E333-8FDC-42A3-9474-1A3956D46DE8}") = "Compiler.Parser", "Compiler.Parser", "{AA18ECB3-32A6-4507-ADBF-930900BD6F45}"
EndProject
Project("{FAE04EC0-301F-11D3-BF4B-00C04F79EFBC}") = "Compiler.Parser.Tests", "Compiler.Parser\Compiler.Parser.Tests\Compiler.Parser.Tests.csproj", "{1505E928-3DDB-4CFF-B00F-7C3292F8EF79}"
EndProject
Project("{FAE04EC0-301F-11D3-BF4B-00C04F79EFBC}") = "Compiler.Parser", "Compiler.Parser\Compiler.Parser\Compiler.Parser.csproj", "{4CE240FC-3FAF-4C6C-A708-1A6B730FAB1B}"
EndProject
Global
	GlobalSection(SolutionConfigurationPlatforms) = preSolution
		Debug|Any CPU = Debug|Any CPU
		Release|Any CPU = Release|Any CPU
	EndGlobalSection
	GlobalSection(ProjectConfigurationPlatforms) = postSolution
		{EC89B2BA-F693-4BDE-A807-09CB44BD5594}.Debug|Any CPU.ActiveCfg = Debug|Any CPU
		{EC89B2BA-F693-4BDE-A807-09CB44BD5594}.Debug|Any CPU.Build.0 = Debug|Any CPU
		{EC89B2BA-F693-4BDE-A807-09CB44BD5594}.Release|Any CPU.ActiveCfg = Release|Any CPU
		{EC89B2BA-F693-4BDE-A807-09CB44BD5594}.Release|Any CPU.Build.0 = Release|Any CPU
		{F00B4D62-CBFC-4D8B-A09A-8AF2BE205256}.Debug|Any CPU.ActiveCfg = Debug|Any CPU
		{F00B4D62-CBFC-4D8B-A09A-8AF2BE205256}.Debug|Any CPU.Build.0 = Debug|Any CPU
		{F00B4D62-CBFC-4D8B-A09A-8AF2BE205256}.Release|Any CPU.ActiveCfg = Release|Any CPU
		{F00B4D62-CBFC-4D8B-A09A-8AF2BE205256}.Release|Any CPU.Build.0 = Release|Any CPU
		{99F89CDF-9150-4EE7-A0DA-E1AB2D6D4894}.Debug|Any CPU.ActiveCfg = Debug|Any CPU
		{99F89CDF-9150-4EE7-A0DA-E1AB2D6D4894}.Debug|Any CPU.Build.0 = Debug|Any CPU
		{99F89CDF-9150-4EE7-A0DA-E1AB2D6D4894}.Release|Any CPU.ActiveCfg = Release|Any CPU
		{99F89CDF-9150-4EE7-A0DA-E1AB2D6D4894}.Release|Any CPU.Build.0 = Release|Any CPU
		{1505E928-3DDB-4CFF-B00F-7C3292F8EF79}.Debug|Any CPU.ActiveCfg = Debug|Any CPU
		{1505E928-3DDB-4CFF-B00F-7C3292F8EF79}.Debug|Any CPU.Build.0 = Debug|Any CPU
		{1505E928-3DDB-4CFF-B00F-7C3292F8EF79}.Release|Any CPU.ActiveCfg = Release|Any CPU
		{1505E928-3DDB-4CFF-B00F-7C3292F8EF79}.Release|Any CPU.Build.0 = Release|Any CPU
		{4CE240FC-3FAF-4C6C-A708-1A6B730FAB1B}.Debug|Any CPU.ActiveCfg = Debug|Any CPU
		{4CE240FC-3FAF-4C6C-A708-1A6B730FAB1B}.Debug|Any CPU.Build.0 = Debug|Any CPU
		{4CE240FC-3FAF-4C6C-A708-1A6B730FAB1B}.Release|Any CPU.ActiveCfg = Release|Any CPU
		{4CE240FC-3FAF-4C6C-A708-1A6B730FAB1B}.Release|Any CPU.Build.0 = Release|Any CPU
	EndGlobalSection
	GlobalSection(SolutionProperties) = preSolution
		HideSolutionNode = FALSE
	EndGlobalSection
	GlobalSection(NestedProjects) = preSolution
		{F00B4D62-CBFC-4D8B-A09A-8AF2BE205256} = {5AA0469D-AC7C-4CFD-8B34-E1DB9356E620}
		{99F89CDF-9150-4EE7-A0DA-E1AB2D6D4894} = {5AA0469D-AC7C-4CFD-8B34-E1DB9356E620}
		{1505E928-3DDB-4CFF-B00F-7C3292F8EF79} = {AA18ECB3-32A6-4507-ADBF-930900BD6F45}
		{4CE240FC-3FAF-4C6C-A708-1A6B730FAB1B} = {AA18ECB3-32A6-4507-ADBF-930900BD6F45}
	EndGlobalSection
EndGlobal
